dependencies:
- name: vault
  repository: https://helm.releases.hashicorp.com
  version: 0.27.0
- name: postgresql
  repository: https://charts.bitnami.com/bitnami
  version: 12.12.10
digest: sha256:a3b3f63df18326c60baa71923df1b1d736228ec89ecba92b023ef5bf2297216f
generated: "2024-07-23T09:04:52.133647882+03:00"
